Microsoft Visual Studio Solution File, Format Version 12.00
# Visual Studio Version 17
VisualStudioVersion = 17.14.36518.9
MinimumVisualStudioVersion = 10.0.40219.1
Project("{FAE04EC0-301F-11D3-BF4B-00C04F79EFBC}") = "Idp.Swiyu.AppHost", "Idp.Swiyu.AppHost\Idp.Swiyu.AppHost.csproj", "{78DFBBD5-FF6E-4EDE-94CC-5526169C9BB3}"
EndProject
Project("{FAE04EC0-301F-11D3-BF4B-00C04F79EFBC}") = "Idp.Swiyu.ServiceDefaults", "Idp.Swiyu.ServiceDefaults\Idp.Swiyu.ServiceDefaults.csproj", "{BD4798DE-B91E-099E-D031-0C248F6A6601}"
EndProject
Project("{FAE04EC0-301F-11D3-BF4B-00C04F79EFBC}") = "Idp.Swiyu.Web", "Idp.Swiyu.Web\Idp.Swiyu.Web.csproj", "{CE74C65E-961D-F73E-4BEF-FF656A981662}"
EndProject
Project("{FAE04EC0-301F-11D3-BF4B-00C04F79EFBC}") = "Idp.Swiyu.IdentityProvider", "Idp.Swiyu.IdentityProvider\Idp.Swiyu.IdentityProvider.csproj", "{4C1C66AE-F089-0A89-FE7F-A86DEC9A4148}"
EndProject
Project("{2150E333-8FDC-42A3-9474-1A3956D46DE8}") = "Solution Items", "Solution Items", "{8EC462FD-D22E-90A8-E5CE-7E832BA40C5D}"
	ProjectSection(SolutionItems) = preProject
		README.md = README.md
	EndProjectSection
EndProject
Global
	GlobalSection(SolutionConfigurationPlatforms) = preSolution
		Debug|Any CPU = Debug|Any CPU
		Release|Any CPU = Release|Any CPU
	EndGlobalSection
	GlobalSection(ProjectConfigurationPlatforms) = postSolution
		{78DFBBD5-FF6E-4EDE-94CC-5526169C9BB3}.Debug|Any CPU.ActiveCfg = Debug|Any CPU
		{78DFBBD5-FF6E-4EDE-94CC-5526169C9BB3}.Debug|Any CPU.Build.0 = Debug|Any CPU
		{78DFBBD5-FF6E-4EDE-94CC-5526169C9BB3}.Release|Any CPU.ActiveCfg = Release|Any CPU
		{78DFBBD5-FF6E-4EDE-94CC-5526169C9BB3}.Release|Any CPU.Build.0 = Release|Any CPU
		{BD4798DE-B91E-099E-D031-0C248F6A6601}.Debug|Any CPU.ActiveCfg = Debug|Any CPU
		{BD4798DE-B91E-099E-D031-0C248F6A6601}.Debug|Any CPU.Build.0 = Debug|Any CPU
		{BD4798DE-B91E-099E-D031-0C248F6A6601}.Release|Any CPU.ActiveCfg = Release|Any CPU
		{BD4798DE-B91E-099E-D031-0C248F6A6601}.Release|Any CPU.Build.0 = Release|Any CPU
		{CE74C65E-961D-F73E-4BEF-FF656A981662}.Debug|Any CPU.ActiveCfg = Debug|Any CPU
		{CE74C65E-961D-F73E-4BEF-FF656A981662}.Debug|Any CPU.Build.0 = Debug|Any CPU
		{CE74C65E-961D-F73E-4BEF-FF656A981662}.Release|Any CPU.ActiveCfg = Release|Any CPU
		{CE74C65E-961D-F73E-4BEF-FF656A981662}.Release|Any CPU.Build.0 = Release|Any CPU
		{4C1C66AE-F089-0A89-FE7F-A86DEC9A4148}.Debug|Any CPU.ActiveCfg = Debug|Any CPU
		{4C1C66AE-F089-0A89-FE7F-A86DEC9A4148}.Debug|Any CPU.Build.0 = Debug|Any CPU
		{4C1C66AE-F089-0A89-FE7F-A86DEC9A4148}.Release|Any CPU.ActiveCfg = Release|Any CPU
		{4C1C66AE-F089-0A89-FE7F-A86DEC9A4148}.Release|Any CPU.Build.0 = Release|Any CPU
	EndGlobalSection
	GlobalSection(SolutionProperties) = preSolution
		HideSolutionNode = FALSE
	EndGlobalSection
	GlobalSection(ExtensibilityGlobals) = postSolution
		SolutionGuid = {9D9B8396-042D-4BB2-B3EF-23CC5EDC9E7C}
	EndGlobalSection
EndGlobal
